
Microsoft Visual Studio Solution File, Format Version 12.00
# Visual Studio Version 16
VisualStudioVersion = 16.0.30611.23
MinimumVisualStudioVersion = 10.0.40219.1
Project("{FAE04EC0-301F-11D3-BF4B-00C04F79EFBC}") = "Tp-promocion-peliculas", "Tp-promocion-peliculas\Tp-promocion-peliculas.csproj", "{89D5A788-A73B-4E2D-AAB6-FEC5CB0E1DDC}"
EndProject
Global
	GlobalSection(SolutionConfigurationPlatforms) = preSolution
		Debug|Any CPU = Debug|Any CPU
		Release|Any CPU = Release|Any CPU
	EndGlobalSection
	GlobalSection(ProjectConfigurationPlatforms) = postSolution
		{89D5A788-A73B-4E2D-AAB6-FEC5CB0E1DDC}.Debug|Any CPU.ActiveCfg = Debug|Any CPU
		{89D5A788-A73B-4E2D-AAB6-FEC5CB0E1DDC}.Debug|Any CPU.Build.0 = Debug|Any CPU
		{89D5A788-A73B-4E2D-AAB6-FEC5CB0E1DDC}.Release|Any CPU.ActiveCfg = Release|Any CPU
		{89D5A788-A73B-4E2D-AAB6-FEC5CB0E1DDC}.Release|Any CPU.Build.0 = Release|Any CPU
	EndGlobalSection
	GlobalSection(SolutionProperties) = preSolution
		HideSolutionNode = FALSE
	EndGlobalSection
	GlobalSection(ExtensibilityGlobals) = postSolution
		SolutionGuid = {99D72610-CEC7-48C0-B694-DC53D2A42D04}
	EndGlobalSection
EndGlobal
